
Microsoft Visual Studio Solution File, Format Version 12.00
# Visual Studio 2012
Project("{FAE04EC0-301F-11D3-BF4B-00C04F79EFBC}") = "MediandoUI", "MediandoUI\MediandoUI.csproj", "{A0BCBB3E-D3AE-459F-BBAE-8E3E8E9EB763}"
EndProject
Project("{2150E333-8FDC-42A3-9474-1A3956D46DE8}") = "Targets", "Targets", "{95E632D9-5E96-49D3-A900-A2E33FD38F33}"
EndProject
Project("{2150E333-8FDC-42A3-9474-1A3956D46DE8}") = "References", "References", "{6E41E944-5639-4B35-BA51-9CCDAA312A09}"
	ProjectSection(SolutionItems) = preProject
		Targets\References\PSPDFKit.Android.dll = Targets\References\PSPDFKit.Android.dll
	EndProjectSection
EndProject
Project("{FAE04EC0-301F-11D3-BF4B-00C04F79EFBC}") = "Mediando.iOS", "Targets\iOS\Mediando.iOS.csproj", "{C1BA3BEA-310C-4DB4-A70B-EC931E7D88A0}"
EndProject
Project("{FAE04EC0-301F-11D3-BF4B-00C04F79EFBC}") = "Mediando.Droid", "Targets\Droid\Mediando.Droid.csproj", "{774B8338-E08E-4E8D-A7B3-4B53E19EEA40}"
EndProject
Project("{FAE04EC0-301F-11D3-BF4B-00C04F79EFBC}") = "PSPDFKit", "PSPDFKit\PSPDFKit.csproj", "{BE2A8A0D-F2BC-4E9F-BA81-53EF47A211B2}"
EndProject
Global
	GlobalSection(SolutionConfigurationPlatforms) = preSolution
		Debug|iPhoneSimulator = Debug|iPhoneSimulator
		Release|iPhoneSimulator = Release|iPhoneSimulator
		Debug|iPhone = Debug|iPhone
		Release|iPhone = Release|iPhone
		Ad-Hoc|iPhone = Ad-Hoc|iPhone
		AppStore|iPhone = AppStore|iPhone
		Debug|Any CPU = Debug|Any CPU
		Release|Any CPU = Release|Any CPU
	EndGlobalSection
	GlobalSection(ProjectConfigurationPlatforms) = postSolution
		{774B8338-E08E-4E8D-A7B3-4B53E19EEA40}.Ad-Hoc|iPhone.ActiveCfg = Release|Any CPU
		{774B8338-E08E-4E8D-A7B3-4B53E19EEA40}.AppStore|iPhone.ActiveCfg = Release|Any CPU
		{774B8338-E08E-4E8D-A7B3-4B53E19EEA40}.Debug|Any CPU.ActiveCfg = Debug|Any CPU
		{774B8338-E08E-4E8D-A7B3-4B53E19EEA40}.Debug|Any CPU.Build.0 = Debug|Any CPU
		{774B8338-E08E-4E8D-A7B3-4B53E19EEA40}.Debug|iPhone.ActiveCfg = Debug|Any CPU
		{774B8338-E08E-4E8D-A7B3-4B53E19EEA40}.Debug|iPhoneSimulator.ActiveCfg = Debug|Any CPU
		{774B8338-E08E-4E8D-A7B3-4B53E19EEA40}.Release|Any CPU.ActiveCfg = Release|Any CPU
		{774B8338-E08E-4E8D-A7B3-4B53E19EEA40}.Release|Any CPU.Build.0 = Release|Any CPU
		{774B8338-E08E-4E8D-A7B3-4B53E19EEA40}.Release|iPhone.ActiveCfg = Release|Any CPU
		{774B8338-E08E-4E8D-A7B3-4B53E19EEA40}.Release|iPhoneSimulator.ActiveCfg = Release|Any CPU
		{A0BCBB3E-D3AE-459F-BBAE-8E3E8E9EB763}.Ad-Hoc|iPhone.ActiveCfg = Release|Any CPU
		{A0BCBB3E-D3AE-459F-BBAE-8E3E8E9EB763}.Ad-Hoc|iPhone.Build.0 = Release|Any CPU
		{A0BCBB3E-D3AE-459F-BBAE-8E3E8E9EB763}.AppStore|iPhone.ActiveCfg = Release|Any CPU
		{A0BCBB3E-D3AE-459F-BBAE-8E3E8E9EB763}.AppStore|iPhone.Build.0 = Release|Any CPU
		{A0BCBB3E-D3AE-459F-BBAE-8E3E8E9EB763}.Debug|Any CPU.ActiveCfg = Debug|Any CPU
		{A0BCBB3E-D3AE-459F-BBAE-8E3E8E9EB763}.Debug|Any CPU.Build.0 = Debug|Any CPU
		{A0BCBB3E-D3AE-459F-BBAE-8E3E8E9EB763}.Debug|iPhone.ActiveCfg = Debug|Any CPU
		{A0BCBB3E-D3AE-459F-BBAE-8E3E8E9EB763}.Debug|iPhone.Build.0 = Debug|Any CPU
		{A0BCBB3E-D3AE-459F-BBAE-8E3E8E9EB763}.Debug|iPhoneSimulator.ActiveCfg = Debug|Any CPU
		{A0BCBB3E-D3AE-459F-BBAE-8E3E8E9EB763}.Debug|iPhoneSimulator.Build.0 = Debug|Any CPU
		{A0BCBB3E-D3AE-459F-BBAE-8E3E8E9EB763}.Release|Any CPU.ActiveCfg = Release|Any CPU
		{A0BCBB3E-D3AE-459F-BBAE-8E3E8E9EB763}.Release|Any CPU.Build.0 = Release|Any CPU
		{A0BCBB3E-D3AE-459F-BBAE-8E3E8E9EB763}.Release|iPhone.ActiveCfg = Release|Any CPU
		{A0BCBB3E-D3AE-459F-BBAE-8E3E8E9EB763}.Release|iPhone.Build.0 = Release|Any CPU
		{A0BCBB3E-D3AE-459F-BBAE-8E3E8E9EB763}.Release|iPhoneSimulator.ActiveCfg = Release|Any CPU
		{A0BCBB3E-D3AE-459F-BBAE-8E3E8E9EB763}.Release|iPhoneSimulator.Build.0 = Release|Any CPU
		{BE2A8A0D-F2BC-4E9F-BA81-53EF47A211B2}.Ad-Hoc|iPhone.ActiveCfg = Release|Any CPU
		{BE2A8A0D-F2BC-4E9F-BA81-53EF47A211B2}.Ad-Hoc|iPhone.Build.0 = Release|Any CPU
		{BE2A8A0D-F2BC-4E9F-BA81-53EF47A211B2}.AppStore|iPhone.ActiveCfg = Release|Any CPU
		{BE2A8A0D-F2BC-4E9F-BA81-53EF47A211B2}.AppStore|iPhone.Build.0 = Release|Any CPU
		{BE2A8A0D-F2BC-4E9F-BA81-53EF47A211B2}.Debug|Any CPU.ActiveCfg = Debug|Any CPU
		{BE2A8A0D-F2BC-4E9F-BA81-53EF47A211B2}.Debug|Any CPU.Build.0 = Debug|Any CPU
		{BE2A8A0D-F2BC-4E9F-BA81-53EF47A211B2}.Debug|iPhone.ActiveCfg = Debug|Any CPU
		{BE2A8A0D-F2BC-4E9F-BA81-53EF47A211B2}.Debug|iPhone.Build.0 = Debug|Any CPU
		{BE2A8A0D-F2BC-4E9F-BA81-53EF47A211B2}.Debug|iPhoneSimulator.ActiveCfg = Debug|Any CPU
		{BE2A8A0D-F2BC-4E9F-BA81-53EF47A211B2}.Debug|iPhoneSimulator.Build.0 = Debug|Any CPU
		{BE2A8A0D-F2BC-4E9F-BA81-53EF47A211B2}.Release|Any CPU.ActiveCfg = Release|Any CPU
		{BE2A8A0D-F2BC-4E9F-BA81-53EF47A211B2}.Release|Any CPU.Build.0 = Release|Any CPU
		{BE2A8A0D-F2BC-4E9F-BA81-53EF47A211B2}.Release|iPhone.ActiveCfg = Release|Any CPU
		{BE2A8A0D-F2BC-4E9F-BA81-53EF47A211B2}.Release|iPhone.Build.0 = Release|Any CPU
		{BE2A8A0D-F2BC-4E9F-BA81-53EF47A211B2}.Release|iPhoneSimulator.ActiveCfg = Release|Any CPU
		{BE2A8A0D-F2BC-4E9F-BA81-53EF47A211B2}.Release|iPhoneSimulator.Build.0 = Release|Any CPU
		{C1BA3BEA-310C-4DB4-A70B-EC931E7D88A0}.Ad-Hoc|iPhone.ActiveCfg = Ad-Hoc|iPhone
		{C1BA3BEA-310C-4DB4-A70B-EC931E7D88A0}.Ad-Hoc|iPhone.Build.0 = Ad-Hoc|iPhone
		{C1BA3BEA-310C-4DB4-A70B-EC931E7D88A0}.AppStore|iPhone.ActiveCfg = AppStore|iPhone
		{C1BA3BEA-310C-4DB4-A70B-EC931E7D88A0}.AppStore|iPhone.Build.0 = AppStore|iPhone
		{C1BA3BEA-310C-4DB4-A70B-EC931E7D88A0}.Debug|Any CPU.ActiveCfg = Debug|iPhoneSimulator
		{C1BA3BEA-310C-4DB4-A70B-EC931E7D88A0}.Debug|iPhone.ActiveCfg = Debug|iPhone
		{C1BA3BEA-310C-4DB4-A70B-EC931E7D88A0}.Debug|iPhone.Build.0 = Debug|iPhone
		{C1BA3BEA-310C-4DB4-A70B-EC931E7D88A0}.Debug|iPhoneSimulator.ActiveCfg = Debug|iPhoneSimulator
		{C1BA3BEA-310C-4DB4-A70B-EC931E7D88A0}.Debug|iPhoneSimulator.Build.0 = Debug|iPhoneSimulator
		{C1BA3BEA-310C-4DB4-A70B-EC931E7D88A0}.Release|Any CPU.ActiveCfg = Release|iPhoneSimulator
		{C1BA3BEA-310C-4DB4-A70B-EC931E7D88A0}.Release|Any CPU.Build.0 = Release|iPhoneSimulator
		{C1BA3BEA-310C-4DB4-A70B-EC931E7D88A0}.Release|iPhone.ActiveCfg = Release|iPhone
		{C1BA3BEA-310C-4DB4-A70B-EC931E7D88A0}.Release|iPhone.Build.0 = Release|iPhone
		{C1BA3BEA-310C-4DB4-A70B-EC931E7D88A0}.Release|iPhoneSimulator.ActiveCfg = Release|iPhoneSimulator
		{C1BA3BEA-310C-4DB4-A70B-EC931E7D88A0}.Release|iPhoneSimulator.Build.0 = Release|iPhoneSimulator
	EndGlobalSection
	GlobalSection(NestedProjects) = preSolution
		{6E41E944-5639-4B35-BA51-9CCDAA312A09} = {95E632D9-5E96-49D3-A900-A2E33FD38F33}
		{C1BA3BEA-310C-4DB4-A70B-EC931E7D88A0} = {95E632D9-5E96-49D3-A900-A2E33FD38F33}
		{774B8338-E08E-4E8D-A7B3-4B53E19EEA40} = {95E632D9-5E96-49D3-A900-A2E33FD38F33}
	EndGlobalSection
	GlobalSection(MonoDevelopProperties) = preSolution
		Policies = $0
		$0.DotNetNamingPolicy = $1
		$1.DirectoryNamespaceAssociation = None
		$1.ResourceNamePolicy = FileFormatDefault
		$0.StandardHeader = $2
		$2.Text = 
		$2.IncludeInNewFiles = True
		$0.NameConventionPolicy = $3
		$3.Rules = $4
		$4.NamingRule = $5
		$5.Name = Namespaces
		$5.AffectedEntity = Namespace
		$5.VisibilityMask = VisibilityMask
		$5.NamingStyle = PascalCase
		$5.IncludeInstanceMembers = True
		$5.IncludeStaticEntities = True
		$4.NamingRule = $6
		$6.Name = Types
		$6.AffectedEntity = Class, Struct, Enum, Delegate
		$6.VisibilityMask = Public
		$6.NamingStyle = PascalCase
		$6.IncludeInstanceMembers = True
		$6.IncludeStaticEntities = True
		$4.NamingRule = $7
		$7.Name = Interfaces
		$7.RequiredPrefixes = $8
		$8.String = I
		$7.AffectedEntity = Interface
		$7.VisibilityMask = Public
		$7.NamingStyle = PascalCase
		$7.IncludeInstanceMembers = True
		$7.IncludeStaticEntities = True
		$4.NamingRule = $9
		$9.Name = Attributes
		$9.RequiredSuffixes = $10
		$10.String = Attribute
		$9.AffectedEntity = CustomAttributes
		$9.VisibilityMask = Public
		$9.NamingStyle = PascalCase
		$9.IncludeInstanceMembers = True
		$9.IncludeStaticEntities = True
		$4.NamingRule = $11
		$11.Name = Event Arguments
		$11.RequiredSuffixes = $12
		$12.String = EventArgs
		$11.AffectedEntity = CustomEventArgs
		$11.VisibilityMask = Public
		$11.NamingStyle = PascalCase
		$11.IncludeInstanceMembers = True
		$11.IncludeStaticEntities = True
		$4.NamingRule = $13
		$13.Name = Exceptions
		$13.RequiredSuffixes = $14
		$14.String = Exception
		$13.AffectedEntity = CustomExceptions
		$13.VisibilityMask = VisibilityMask
		$13.NamingStyle = PascalCase
		$13.IncludeInstanceMembers = True
		$13.IncludeStaticEntities = True
		$4.NamingRule = $15
		$15.Name = Methods
		$15.AffectedEntity = Methods
		$15.VisibilityMask = Protected, Public
		$15.NamingStyle = PascalCase
		$15.IncludeInstanceMembers = True
		$15.IncludeStaticEntities = True
		$4.NamingRule = $16
		$16.Name = Static Readonly Fields
		$16.AffectedEntity = ReadonlyField
		$16.VisibilityMask = Protected, Public
		$16.NamingStyle = PascalCase
		$16.IncludeInstanceMembers = False
		$16.IncludeStaticEntities = True
		$4.NamingRule = $17
		$17.Name = Fields
		$17.AffectedEntity = Field
		$17.VisibilityMask = Protected, Public
		$17.NamingStyle = PascalCase
		$17.IncludeInstanceMembers = True
		$17.IncludeStaticEntities = True
		$4.NamingRule = $18
		$18.Name = ReadOnly Fields
		$18.AffectedEntity = ReadonlyField
		$18.VisibilityMask = Protected, Public
		$18.NamingStyle = PascalCase
		$18.IncludeInstanceMembers = True
		$18.IncludeStaticEntities = False
		$4.NamingRule = $19
		$19.Name = Constant Fields
		$19.AffectedEntity = ConstantField
		$19.VisibilityMask = Protected, Public
		$19.NamingStyle = PascalCase
		$19.IncludeInstanceMembers = True
		$19.IncludeStaticEntities = True
		$4.NamingRule = $20
		$20.Name = Properties
		$20.AffectedEntity = Property
		$20.VisibilityMask = Protected, Public
		$20.NamingStyle = PascalCase
		$20.IncludeInstanceMembers = True
		$20.IncludeStaticEntities = True
		$4.NamingRule = $21
		$21.Name = Events
		$21.AffectedEntity = Event
		$21.VisibilityMask = Protected, Public
		$21.NamingStyle = PascalCase
		$21.IncludeInstanceMembers = True
		$21.IncludeStaticEntities = True
		$4.NamingRule = $22
		$22.Name = Enum Members
		$22.AffectedEntity = EnumMember
		$22.VisibilityMask = VisibilityMask
		$22.NamingStyle = PascalCase
		$22.IncludeInstanceMembers = True
		$22.IncludeStaticEntities = True
		$4.NamingRule = $23
		$23.Name = Parameters
		$23.AffectedEntity = Parameter
		$23.VisibilityMask = VisibilityMask
		$23.NamingStyle = CamelCase
		$23.IncludeInstanceMembers = True
		$23.IncludeStaticEntities = True
		$4.NamingRule = $24
		$24.Name = Type Parameters
		$24.RequiredPrefixes = $25
		$25.String = T
		$24.AffectedEntity = TypeParameter
		$24.VisibilityMask = VisibilityMask
		$24.NamingStyle = PascalCase
		$24.IncludeInstanceMembers = True
		$24.IncludeStaticEntities = True
		$0.VersionControlPolicy = $26
		$26.inheritsSet = Mono
	EndGlobalSection
EndGlobal
